
Microsoft Visual Studio Solution File, Format Version 12.00
# Visual Studio Version 16
VisualStudioVersion = 16.0.30517.126
MinimumVisualStudioVersion = 10.0.40219.1
Project("{FAE04EC0-301F-11D3-BF4B-00C04F79EFBC}") = "Turnierwebsite", "Turnierwebsite\Turnierwebsite.csproj", "{FF503D98-1F57-4884-81C4-8D4C5BC05684}"
EndProject
Global
	GlobalSection(SolutionConfigurationPlatforms) = preSolution
		Debug|Any CPU = Debug|Any CPU
		Release|Any CPU = Release|Any CPU
	EndGlobalSection
	GlobalSection(ProjectConfigurationPlatforms) = postSolution
		{FF503D98-1F57-4884-81C4-8D4C5BC05684}.Debug|Any CPU.ActiveCfg = Debug|Any CPU
		{FF503D98-1F57-4884-81C4-8D4C5BC05684}.Debug|Any CPU.Build.0 = Debug|Any CPU
		{FF503D98-1F57-4884-81C4-8D4C5BC05684}.Release|Any CPU.ActiveCfg = Release|Any CPU
		{FF503D98-1F57-4884-81C4-8D4C5BC05684}.Release|Any CPU.Build.0 = Release|Any CPU
	EndGlobalSection
	GlobalSection(SolutionProperties) = preSolution
		HideSolutionNode = FALSE
	EndGlobalSection
	GlobalSection(ExtensibilityGlobals) = postSolution
		SolutionGuid = {E87AC3FA-87F5-461B-8F99-79D1115F0371}
	EndGlobalSection
EndGlobal
